// !$*UTF8*$!
{
	archiveVersion = 1;
	classes = {
	};
	objectVersion = 50;
	objects = {

/* Begin PBXBuildFile section */
		412EAB11239EC52800B63EE8 /* day09.swift in Sources */ = {isa = PBXBuildFile; fileRef = 412EAB10239EC52800B63EE8 /* day09.swift */; };
		412EAB19239EC63300B63EE8 /* day09.txt in Resources */ = {isa = PBXBuildFile; fileRef = 412EAB17239EC63300B63EE8 /* day09.txt */; };
		412EAB1A239EC63300B63EE8 /* Day09Tests.swift in Sources */ = {isa = PBXBuildFile; fileRef = 412EAB18239EC63300B63EE8 /* Day09Tests.swift */; };
		4142C12C2396F23000910F9E /* Day03Tests.swift in Sources */ = {isa = PBXBuildFile; fileRef = 4142C12A2396F23000910F9E /* Day03Tests.swift */; };
		4142C12E2396F2DA00910F9E /* day03.txt in Resources */ = {isa = PBXBuildFile; fileRef = 4142C12B2396F23000910F9E /* day03.txt */; };
		4142C13723983E1B00910F9E /* day04.swift in Sources */ = {isa = PBXBuildFile; fileRef = 4142C13623983E1B00910F9E /* day04.swift */; };
		418543DE23937FF500FBE72C /* main.swift in Sources */ = {isa = PBXBuildFile; fileRef = 418543DD23937FF500FBE72C /* main.swift */; };
		418543E32393801700FBE72C /* input.txt in CopyFiles */ = {isa = PBXBuildFile; fileRef = 418543E22393800B00FBE72C /* input.txt */; };
		41B7444223983EBC00077ADE /* Day04Tests.swift in Sources */ = {isa = PBXBuildFile; fileRef = 41B7444123983EBC00077ADE /* Day04Tests.swift */; };
		41B7444423983F0B00077ADE /* day04.txt in Resources */ = {isa = PBXBuildFile; fileRef = 41B7444323983F0B00077ADE /* day04.txt */; };
		41B8DAE42396F0D200B5596D /* day03.swift in Sources */ = {isa = PBXBuildFile; fileRef = 41B8DAE32396F0D200B5596D /* day03.swift */; };
		41E3B6751192BED4365FF600 /* libPods-Tests.a in Frameworks */ = {isa = PBXBuildFile; fileRef = 0D21620E5B4102D12720E614 /* libPods-Tests.a */; };
		693AD0AD1CF259614809AE08 /* libPods-Sandbox.a in Frameworks */ = {isa = PBXBuildFile; fileRef = B2FE1DA34010988A3FED0E26 /* libPods-Sandbox.a */; };
		78392889238EA45F00A94B3B /* day01.swift in Sources */ = {isa = PBXBuildFile; fileRef = 78392888238EA45F00A94B3B /* day01.swift */; };
		7839288D238EA58100A94B3B /* day01.txt in Resources */ = {isa = PBXBuildFile; fileRef = 7839288B238EA58000A94B3B /* day01.txt */; };
		78392890238EA5BA00A94B3B /* day01Tests.swift in Sources */ = {isa = PBXBuildFile; fileRef = 7839288F238EA5BA00A94B3B /* day01Tests.swift */; };
		784B0CF5238EA84C008EF7C1 /* TestSolution+Init.swift in Sources */ = {isa = PBXBuildFile; fileRef = 784B0CF4238EA84C008EF7C1 /* TestSolution+Init.swift */; };
		784B0CF7238EA867008EF7C1 /* Bundle+Current.swift in Sources */ = {isa = PBXBuildFile; fileRef = 784B0CF6238EA867008EF7C1 /* Bundle+Current.swift */; };
		785689B923952A6600EFBBF3 /* Day02Tests.swift in Sources */ = {isa = PBXBuildFile; fileRef = 785689B823952A6600EFBBF3 /* Day02Tests.swift */; };
		785689BB23952A8000EFBBF3 /* day02.txt in Resources */ = {isa = PBXBuildFile; fileRef = 785689BA23952A8000EFBBF3 /* day02.txt */; };
		785689BD23952ABE00EFBBF3 /* day02.swift in Sources */ = {isa = PBXBuildFile; fileRef = 785689BC23952ABE00EFBBF3 /* day02.swift */; };
		7868BA3C239D77B700C98687 /* day08.swift in Sources */ = {isa = PBXBuildFile; fileRef = 7868BA3B239D77B700C98687 /* day08.swift */; };
		7868BA40239D7AF200C98687 /* Day08Tests.swift in Sources */ = {isa = PBXBuildFile; fileRef = 7868BA3E239D7AF200C98687 /* Day08Tests.swift */; };
		7868BA41239D7AF200C98687 /* day08.txt in Resources */ = {isa = PBXBuildFile; fileRef = 7868BA3F239D7AF200C98687 /* day08.txt */; };
/* End PBXBuildFile section */

/* Begin PBXCopyFilesBuildPhase section */
		418543D923937FF500FBE72C /* CopyFiles */ = {
			isa = PBXCopyFilesBuildPhase;
			buildActionMask = 12;
			dstPath = "";
			dstSubfolderSpec = 7;
			files = (
				418543E32393801700FBE72C /* input.txt in CopyFiles */,
			);
			runOnlyForDeploymentPostprocessing = 0;
		};
/* End PBXCopyFilesBuildPhase section */

/* Begin PBXFileReference section */
		024368E783181574D3EA6E33 /* Pods-Tests.release.xcconfig */ = {isa = PBXFileReference; includeInIndex = 1; lastKnownFileType = text.xcconfig; name = "Pods-Tests.release.xcconfig"; path = "Target Support Files/Pods-Tests/Pods-Tests.release.xcconfig"; sourceTree = "<group>"; };
		0D21620E5B4102D12720E614 /* libPods-Tests.a */ = {isa = PBXFileReference; explicitFileType = archive.ar; includeInIndex = 0; path = "libPods-Tests.a"; sourceTree = BUILT_PRODUCTS_DIR; };
		15021C1E8742E368FA71FFFE /* Pods-Sandbox.debug.xcconfig */ = {isa = PBXFileReference; includeInIndex = 1; lastKnownFileType = text.xcconfig; name = "Pods-Sandbox.debug.xcconfig"; path = "Target Support Files/Pods-Sandbox/Pods-Sandbox.debug.xcconfig"; sourceTree = "<group>"; };
		366CCB692ECEA4EAF235E209 /* Pods-Tests.debug.xcconfig */ = {isa = PBXFileReference; includeInIndex = 1; lastKnownFileType = text.xcconfig; name = "Pods-Tests.debug.xcconfig"; path = "Target Support Files/Pods-Tests/Pods-Tests.debug.xcconfig"; sourceTree = "<group>"; };
		412EAB10239EC52800B63EE8 /* day09.swift */ = {isa = PBXFileReference; lastKnownFileType = sourcecode.swift; path = day09.swift; sourceTree = "<group>"; };
		412EAB17239EC63300B63EE8 /* day09.txt */ = {isa = PBXFileReference; fileEncoding = 4; lastKnownFileType = text; path = day09.txt; sourceTree = "<group>"; };
		412EAB18239EC63300B63EE8 /* Day09Tests.swift */ = {isa = PBXFileReference; fileEncoding = 4; lastKnownFileType = sourcecode.swift; path = Day09Tests.swift; sourceTree = "<group>"; };
		4142C12A2396F23000910F9E /* Day03Tests.swift */ = {isa = PBXFileReference; fileEncoding = 4; lastKnownFileType = sourcecode.swift; path = Day03Tests.swift; sourceTree = "<group>"; };
		4142C12B2396F23000910F9E /* day03.txt */ = {isa = PBXFileReference; fileEncoding = 4; lastKnownFileType = text; path = day03.txt; sourceTree = "<group>"; };
		4142C13623983E1B00910F9E /* day04.swift */ = {isa = PBXFileReference; lastKnownFileType = sourcecode.swift; path = day04.swift; sourceTree = "<group>"; };
		418543DB23937FF500FBE72C /* Sandbox */ = {isa = PBXFileReference; explicitFileType = "compiled.mach-o.executable"; includeInIndex = 0; path = Sandbox; sourceTree = BUILT_PRODUCTS_DIR; };
		418543DD23937FF500FBE72C /* main.swift */ = {isa = PBXFileReference; lastKnownFileType = sourcecode.swift; path = main.swift; sourceTree = "<group>"; };
		418543E22393800B00FBE72C /* input.txt */ = {isa = PBXFileReference; lastKnownFileType = text; path = input.txt; sourceTree = "<group>"; };
		41B7444123983EBC00077ADE /* Day04Tests.swift */ = {isa = PBXFileReference; fileEncoding = 4; lastKnownFileType = sourcecode.swift; path = Day04Tests.swift; sourceTree = "<group>"; };
		41B7444323983F0B00077ADE /* day04.txt */ = {isa = PBXFileReference; fileEncoding = 4; lastKnownFileType = text; path = day04.txt; sourceTree = "<group>"; };
		41B8DAE32396F0D200B5596D /* day03.swift */ = {isa = PBXFileReference; lastKnownFileType = sourcecode.swift; path = day03.swift; sourceTree = "<group>"; };
		5B70CA53D24942ECFD6B2853 /* Pods-Sandbox.release.xcconfig */ = {isa = PBXFileReference; includeInIndex = 1; lastKnownFileType = text.xcconfig; name = "Pods-Sandbox.release.xcconfig"; path = "Target Support Files/Pods-Sandbox/Pods-Sandbox.release.xcconfig"; sourceTree = "<group>"; };
		7839287C238EA32000A94B3B /* Tests.xctest */ = {isa = PBXFileReference; explicitFileType = wrapper.cfbundle; includeInIndex = 0; path = Tests.xctest; sourceTree = BUILT_PRODUCTS_DIR; };
		78392880238EA32100A94B3B /* Info.plist */ = {isa = PBXFileReference; lastKnownFileType = text.plist.xml; path = Info.plist; sourceTree = "<group>"; };
		78392888238EA45F00A94B3B /* day01.swift */ = {isa = PBXFileReference; lastKnownFileType = sourcecode.swift; path = day01.swift; sourceTree = "<group>"; };
		7839288B238EA58000A94B3B /* day01.txt */ = {isa = PBXFileReference; fileEncoding = 4; lastKnownFileType = text; path = day01.txt; sourceTree = "<group>"; };
		7839288F238EA5BA00A94B3B /* day01Tests.swift */ = {isa = PBXFileReference; lastKnownFileType = sourcecode.swift; path = day01Tests.swift; sourceTree = "<group>"; };
		784B0CF4238EA84C008EF7C1 /* TestSolution+Init.swift */ = {isa = PBXFileReference; lastKnownFileType = sourcecode.swift; path = "TestSolution+Init.swift"; sourceTree = "<group>"; };
		784B0CF6238EA867008EF7C1 /* Bundle+Current.swift */ = {isa = PBXFileReference; lastKnownFileType = sourcecode.swift; path = "Bundle+Current.swift"; sourceTree = "<group>"; };
		785689B823952A6600EFBBF3 /* Day02Tests.swift */ = {isa = PBXFileReference; lastKnownFileType = sourcecode.swift; path = Day02Tests.swift; sourceTree = "<group>"; };
		785689BA23952A8000EFBBF3 /* day02.txt */ = {isa = PBXFileReference; lastKnownFileType = text; path = day02.txt; sourceTree = "<group>"; };
		785689BC23952ABE00EFBBF3 /* day02.swift */ = {isa = PBXFileReference; lastKnownFileType = sourcecode.swift; path = day02.swift; sourceTree = "<group>"; };
		7868BA3B239D77B700C98687 /* day08.swift */ = {isa = PBXFileReference; lastKnownFileType = sourcecode.swift; path = day08.swift; sourceTree = "<group>"; };
		7868BA3E239D7AF200C98687 /* Day08Tests.swift */ = {isa = PBXFileReference; fileEncoding = 4; lastKnownFileType = sourcecode.swift; path = Day08Tests.swift; sourceTree = "<group>"; };
		7868BA3F239D7AF200C98687 /* day08.txt */ = {isa = PBXFileReference; fileEncoding = 4; lastKnownFileType = text; path = day08.txt; sourceTree = "<group>"; };
		B2FE1DA34010988A3FED0E26 /* libPods-Sandbox.a */ = {isa = PBXFileReference; explicitFileType = archive.ar; includeInIndex = 0; path = "libPods-Sandbox.a"; sourceTree = BUILT_PRODUCTS_DIR; };
/* End PBXFileReference section */

/* Begin PBXFrameworksBuildPhase section */
		418543D823937FF500FBE72C /* Frameworks */ = {
			isa = PBXFrameworksBuildPhase;
			buildActionMask = 2147483647;
			files = (
				693AD0AD1CF259614809AE08 /* libPods-Sandbox.a in Frameworks */,
			);
			runOnlyForDeploymentPostprocessing = 0;
		};
		78392879238EA32000A94B3B /* Frameworks */ = {
			isa = PBXFrameworksBuildPhase;
			buildActionMask = 2147483647;
			files = (
				41E3B6751192BED4365FF600 /* libPods-Tests.a in Frameworks */,
			);
			runOnlyForDeploymentPostprocessing = 0;
		};
/* End PBXFrameworksBuildPhase section */

/* Begin PBXGroup section */
		412EAB12239EC5DC00B63EE8 /* day09 */ = {
			isa = PBXGroup;
			children = (
				412EAB18239EC63300B63EE8 /* Day09Tests.swift */,
				412EAB17239EC63300B63EE8 /* day09.txt */,
			);
			path = day09;
			sourceTree = "<group>";
		};
		4142C1252396F21600910F9E /* day03 */ = {
			isa = PBXGroup;
			children = (
				4142C12B2396F23000910F9E /* day03.txt */,
				4142C12A2396F23000910F9E /* Day03Tests.swift */,
			);
			path = day03;
			sourceTree = "<group>";
		};
		418543DC23937FF500FBE72C /* Sandbox */ = {
			isa = PBXGroup;
			children = (
				418543DD23937FF500FBE72C /* main.swift */,
				418543E22393800B00FBE72C /* input.txt */,
			);
			path = Sandbox;
			sourceTree = "<group>";
		};
		41B7444023983EBC00077ADE /* day04 */ = {
			isa = PBXGroup;
			children = (
				41B7444123983EBC00077ADE /* Day04Tests.swift */,
				41B7444323983F0B00077ADE /* day04.txt */,
			);
			path = day04;
			sourceTree = "<group>";
		};
		78392865238EA2FA00A94B3B = {
			isa = PBXGroup;
			children = (
				418543DC23937FF500FBE72C /* Sandbox */,
				78392870238EA2FA00A94B3B /* Swift */,
				7839287D238EA32100A94B3B /* Tests */,
				7839286F238EA2FA00A94B3B /* Products */,
				E8C33477BD1C46EB1133B10F /* Pods */,
				D862B6D8F98B696C83635538 /* Frameworks */,
			);
			sourceTree = "<group>";
		};
		7839286F238EA2FA00A94B3B /* Products */ = {
			isa = PBXGroup;
			children = (
				7839287C238EA32000A94B3B /* Tests.xctest */,
				418543DB23937FF500FBE72C /* Sandbox */,
			);
			name = Products;
			sourceTree = "<group>";
		};
		78392870238EA2FA00A94B3B /* Swift */ = {
			isa = PBXGroup;
			children = (
				78392884238EA34F00A94B3B /* Advent */,
			);
			path = Swift;
			sourceTree = "<group>";
		};
		7839287D238EA32100A94B3B /* Tests */ = {
			isa = PBXGroup;
			children = (
				7868BA3D239D7AF200C98687 /* day08 */,
				412EAB12239EC5DC00B63EE8 /* day09 */,
				41B7444023983EBC00077ADE /* day04 */,
				4142C1252396F21600910F9E /* day03 */,
				785689B723952A4A00EFBBF3 /* day02 */,
				7839288A238EA58000A94B3B /* day01 */,
				784B0CF3238EA791008EF7C1 /* utils */,
				78392880238EA32100A94B3B /* Info.plist */,
			);
			path = Tests;
			sourceTree = "<group>";
		};
		78392884238EA34F00A94B3B /* Advent */ = {
			isa = PBXGroup;
			children = (
				7868BA3B239D77B700C98687 /* day08.swift */,
				78392888238EA45F00A94B3B /* day01.swift */,
				785689BC23952ABE00EFBBF3 /* day02.swift */,
				41B8DAE32396F0D200B5596D /* day03.swift */,
				4142C13623983E1B00910F9E /* day04.swift */,
				412EAB10239EC52800B63EE8 /* day09.swift */,
			);
			path = Advent;
			sourceTree = "<group>";
		};
		7839288A238EA58000A94B3B /* day01 */ = {
			isa = PBXGroup;
			children = (
				7839288B238EA58000A94B3B /* day01.txt */,
				7839288F238EA5BA00A94B3B /* day01Tests.swift */,
			);
			path = day01;
			sourceTree = "<group>";
		};
		784B0CF3238EA791008EF7C1 /* utils */ = {
			isa = PBXGroup;
			children = (
				784B0CF4238EA84C008EF7C1 /* TestSolution+Init.swift */,
				784B0CF6238EA867008EF7C1 /* Bundle+Current.swift */,
			);
			path = utils;
			sourceTree = "<group>";
		};
		785689B723952A4A00EFBBF3 /* day02 */ = {
			isa = PBXGroup;
			children = (
				785689BA23952A8000EFBBF3 /* day02.txt */,
				785689B823952A6600EFBBF3 /* Day02Tests.swift */,
			);
			path = day02;
			sourceTree = "<group>";
		};
		7868BA3D239D7AF200C98687 /* day08 */ = {
			isa = PBXGroup;
			children = (
				7868BA3E239D7AF200C98687 /* Day08Tests.swift */,
				7868BA3F239D7AF200C98687 /* day08.txt */,
			);
			path = day08;
			sourceTree = "<group>";
		};
		D862B6D8F98B696C83635538 /* Frameworks */ = {
			isa = PBXGroup;
			children = (
				0D21620E5B4102D12720E614 /* libPods-Tests.a */,
				B2FE1DA34010988A3FED0E26 /* libPods-Sandbox.a */,
			);
			name = Frameworks;
			sourceTree = "<group>";
		};
		E8C33477BD1C46EB1133B10F /* Pods */ = {
			isa = PBXGroup;
			children = (
				366CCB692ECEA4EAF235E209 /* Pods-Tests.debug.xcconfig */,
				024368E783181574D3EA6E33 /* Pods-Tests.release.xcconfig */,
				15021C1E8742E368FA71FFFE /* Pods-Sandbox.debug.xcconfig */,
				5B70CA53D24942ECFD6B2853 /* Pods-Sandbox.release.xcconfig */,
			);
			path = Pods;
			sourceTree = "<group>";
		};
/* End PBXGroup section */

/* Begin PBXNativeTarget section */
		418543DA23937FF500FBE72C /* Sandbox */ = {
			isa = PBXNativeTarget;
			buildConfigurationList = 418543DF23937FF500FBE72C /* Build configuration list for PBXNativeTarget "Sandbox" */;
			buildPhases = (
				469AE562A25930C59C3714F7 /* [CP] Check Pods Manifest.lock */,
				418543D723937FF500FBE72C /* Sources */,
				418543D823937FF500FBE72C /* Frameworks */,
				418543D923937FF500FBE72C /* CopyFiles */,
			);
			buildRules = (
			);
			dependencies = (
			);
			name = Sandbox;
			productName = Sandbox;
			productReference = 418543DB23937FF500FBE72C /* Sandbox */;
			productType = "com.apple.product-type.tool";
		};
		7839287B238EA32000A94B3B /* Tests */ = {
			isa = PBXNativeTarget;
			buildConfigurationList = 78392881238EA32100A94B3B /* Build configuration list for PBXNativeTarget "Tests" */;
			buildPhases = (
				5674655CF5DF0140115CAA60 /* [CP] Check Pods Manifest.lock */,
				78392878238EA32000A94B3B /* Sources */,
				78392879238EA32000A94B3B /* Frameworks */,
				7839287A238EA32000A94B3B /* Resources */,
			);
			buildRules = (
			);
			dependencies = (
			);
			name = Tests;
			productName = Tests;
			productReference = 7839287C238EA32000A94B3B /* Tests.xctest */;
			productType = "com.apple.product-type.bundle.unit-test";
		};
/* End PBXNativeTarget section */

/* Begin PBXProject section */
		78392866238EA2FA00A94B3B /* Project object */ = {
			isa = PBXProject;
			attributes = {
				LastSwiftUpdateCheck = 1110;
				LastUpgradeCheck = 1120;
				ORGANIZATIONNAME = v.khorkov;
				TargetAttributes = {
					418543DA23937FF500FBE72C = {
						CreatedOnToolsVersion = 11.1;
					};
					7839287B238EA32000A94B3B = {
						CreatedOnToolsVersion = 11.2;
					};
				};
			};
			buildConfigurationList = 78392869238EA2FA00A94B3B /* Build configuration list for PBXProject "Swift" */;
			compatibilityVersion = "Xcode 9.3";
			developmentRegion = en;
			hasScannedForEncodings = 0;
			knownRegions = (
				en,
				Base,
			);
			mainGroup = 78392865238EA2FA00A94B3B;
			productRefGroup = 7839286F238EA2FA00A94B3B /* Products */;
			projectDirPath = "";
			projectRoot = "";
			targets = (
				7839287B238EA32000A94B3B /* Tests */,
				418543DA23937FF500FBE72C /* Sandbox */,
			);
		};
/* End PBXProject section */

/* Begin PBXResourcesBuildPhase section */
		7839287A238EA32000A94B3B /* Resources */ = {
			isa = PBXResourcesBuildPhase;
			buildActionMask = 2147483647;
			files = (
				412EAB19239EC63300B63EE8 /* day09.txt in Resources */,
				7839288D238EA58100A94B3B /* day01.txt in Resources */,
				41B7444423983F0B00077ADE /* day04.txt in Resources */,
				7868BA41239D7AF200C98687 /* day08.txt in Resources */,
				785689BB23952A8000EFBBF3 /* day02.txt in Resources */,
				4142C12E2396F2DA00910F9E /* day03.txt in Resources */,
			);
			runOnlyForDeploymentPostprocessing = 0;
		};
/* End PBXResourcesBuildPhase section */

/* Begin PBXShellScriptBuildPhase section */
		469AE562A25930C59C3714F7 /* [CP] Check Pods Manifest.lock */ = {
			isa = PBXShellScriptBuildPhase;
			buildActionMask = 2147483647;
			files = (
			);
			inputFileListPaths = (
			);
			inputPaths = (
				"${PODS_PODFILE_DIR_PATH}/Podfile.lock",
				"${PODS_ROOT}/Manifest.lock",
			);
			name = "[CP] Check Pods Manifest.lock";
			outputFileListPaths = (
			);
			outputPaths = (
				"$(DERIVED_FILE_DIR)/Pods-Sandbox-checkManifestLockResult.txt",
			);
			runOnlyForDeploymentPostprocessing = 0;
			shellPath = /bin/sh;
			shellScript = "diff \"${PODS_PODFILE_DIR_PATH}/Podfile.lock\" \"${PODS_ROOT}/Manifest.lock\" > /dev/null\nif [ $? != 0 ] ; then\n    # print error to STDERR\n    echo \"error: The sandbox is not in sync with the Podfile.lock. Run 'pod install' or update your CocoaPods installation.\" >&2\n    exit 1\nfi\n# This output is used by Xcode 'outputs' to avoid re-running this script phase.\necho \"SUCCESS\" > \"${SCRIPT_OUTPUT_FILE_0}\"\n";
			showEnvVarsInLog = 0;
		};
		5674655CF5DF0140115CAA60 /* [CP] Check Pods Manifest.lock */ = {
			isa = PBXShellScriptBuildPhase;
			buildActionMask = 2147483647;
			files = (
			);
			inputFileListPaths = (
			);
			inputPaths = (
				"${PODS_PODFILE_DIR_PATH}/Podfile.lock",
				"${PODS_ROOT}/Manifest.lock",
			);
			name = "[CP] Check Pods Manifest.lock";
			outputFileListPaths = (
			);
			outputPaths = (
				"$(DERIVED_FILE_DIR)/Pods-Tests-checkManifestLockResult.txt",
			);
			runOnlyForDeploymentPostprocessing = 0;
			shellPath = /bin/sh;
			shellScript = "diff \"${PODS_PODFILE_DIR_PATH}/Podfile.lock\" \"${PODS_ROOT}/Manifest.lock\" > /dev/null\nif [ $? != 0 ] ; then\n    # print error to STDERR\n    echo \"error: The sandbox is not in sync with the Podfile.lock. Run 'pod install' or update your CocoaPods installation.\" >&2\n    exit 1\nfi\n# This output is used by Xcode 'outputs' to avoid re-running this script phase.\necho \"SUCCESS\" > \"${SCRIPT_OUTPUT_FILE_0}\"\n";
			showEnvVarsInLog = 0;
		};
/* End PBXShellScriptBuildPhase section */

/* Begin PBXSourcesBuildPhase section */
		418543D723937FF500FBE72C /* Sources */ = {
			isa = PBXSourcesBuildPhase;
			buildActionMask = 2147483647;
			files = (
				418543DE23937FF500FBE72C /* main.swift in Sources */,
			);
			runOnlyForDeploymentPostprocessing = 0;
		};
		78392878238EA32000A94B3B /* Sources */ = {
			isa = PBXSourcesBuildPhase;
			buildActionMask = 2147483647;
			files = (
				41B7444223983EBC00077ADE /* Day04Tests.swift in Sources */,
				412EAB1A239EC63300B63EE8 /* Day09Tests.swift in Sources */,
				4142C12C2396F23000910F9E /* Day03Tests.swift in Sources */,
				784B0CF5238EA84C008EF7C1 /* TestSolution+Init.swift in Sources */,
				78392889238EA45F00A94B3B /* day01.swift in Sources */,
				7868BA3C239D77B700C98687 /* day08.swift in Sources */,
				41B8DAE42396F0D200B5596D /* day03.swift in Sources */,
				785689BD23952ABE00EFBBF3 /* day02.swift in Sources */,
				78392890238EA5BA00A94B3B /* day01Tests.swift in Sources */,
				7868BA40239D7AF200C98687 /* Day08Tests.swift in Sources */,
				784B0CF7238EA867008EF7C1 /* Bundle+Current.swift in Sources */,
				4142C13723983E1B00910F9E /* day04.swift in Sources */,
				785689B923952A6600EFBBF3 /* Day02Tests.swift in Sources */,
				412EAB11239EC52800B63EE8 /* day09.swift in Sources */,
			);
			runOnlyForDeploymentPostprocessing = 0;
		};
/* End PBXSourcesBuildPhase section */

/* Begin XCBuildConfiguration section */
		418543E023937FF500FBE72C /* Debug */ = {
			isa = XCBuildConfiguration;
			baseConfigurationReference = 15021C1E8742E368FA71FFFE /* Pods-Sandbox.debug.xcconfig */;
			buildSettings = {
				CODE_SIGN_STYLE = Automatic;
				PRODUCT_NAME = "$(TARGET_NAME)";
				SWIFT_VERSION = 5.0;
			};
			name = Debug;
		};
		418543E123937FF500FBE72C /* Release */ = {
			isa = XCBuildConfiguration;
			baseConfigurationReference = 5B70CA53D24942ECFD6B2853 /* Pods-Sandbox.release.xcconfig */;
			buildSettings = {
				CODE_SIGN_STYLE = Automatic;
				PRODUCT_NAME = "$(TARGET_NAME)";
				SWIFT_VERSION = 5.0;
			};
			name = Release;
		};
		78392873238EA2FA00A94B3B /* Debug */ = {
			isa = XCBuildConfiguration;
			buildSettings = {
				ALWAYS_SEARCH_USER_PATHS = NO;
				CLANG_ANALYZER_NONNULL = YES;
				CLANG_ANALYZER_NUMBER_OBJECT_CONVERSION = YES_AGGRESSIVE;
				CLANG_CXX_LANGUAGE_STANDARD = "gnu++14";
				CLANG_CXX_LIBRARY = "libc++";
				CLANG_ENABLE_MODULES = YES;
				CLANG_ENABLE_OBJC_ARC = YES;
				CLANG_ENABLE_OBJC_WEAK = YES;
				CLANG_WARN_BLOCK_CAPTURE_AUTORELEASING = YES;
				CLANG_WARN_BOOL_CONVERSION = YES;
				CLANG_WARN_COMMA = YES;
				CLANG_WARN_CONSTANT_CONVERSION = YES;
				CLANG_WARN_DEPRECATED_OBJC_IMPLEMENTATIONS = YES;
				CLANG_WARN_DIRECT_OBJC_ISA_USAGE = YES_ERROR;
				CLANG_WARN_DOCUMENTATION_COMMENTS = YES;
				CLANG_WARN_EMPTY_BODY = YES;
				CLANG_WARN_ENUM_CONVERSION = YES;
				CLANG_WARN_INFINITE_RECURSION = YES;
				CLANG_WARN_INT_CONVERSION = YES;
				CLANG_WARN_NON_LITERAL_NULL_CONVERSION = YES;
				CLANG_WARN_OBJC_IMPLICIT_RETAIN_SELF = YES;
				CLANG_WARN_OBJC_LITERAL_CONVERSION = YES;
				CLANG_WARN_OBJC_ROOT_CLASS = YES_ERROR;
				CLANG_WARN_RANGE_LOOP_ANALYSIS = YES;
				CLANG_WARN_STRICT_PROTOTYPES = YES;
				CLANG_WARN_SUSPICIOUS_MOVE = YES;
				CLANG_WARN_UNGUARDED_AVAILABILITY = YES_AGGRESSIVE;
				CLANG_WARN_UNREACHABLE_CODE = YES;
				CLANG_WARN__DUPLICATE_METHOD_MATCH = YES;
				COPY_PHASE_STRIP = NO;
				DEBUG_INFORMATION_FORMAT = dwarf;
				ENABLE_STRICT_OBJC_MSGSEND = YES;
				ENABLE_TESTABILITY = YES;
				GCC_C_LANGUAGE_STANDARD = gnu11;
				GCC_DYNAMIC_NO_PIC = NO;
				GCC_NO_COMMON_BLOCKS = YES;
				GCC_OPTIMIZATION_LEVEL = 0;
				GCC_PREPROCESSOR_DEFINITIONS = (
					"DEBUG=1",
					"$(inherited)",
				);
				GCC_WARN_64_TO_32_BIT_CONVERSION = YES;
				GCC_WARN_ABOUT_RETURN_TYPE = YES_ERROR;
				GCC_WARN_UNDECLARED_SELECTOR = YES;
				GCC_WARN_UNINITIALIZED_AUTOS = YES_AGGRESSIVE;
				GCC_WARN_UNUSED_FUNCTION = YES;
				GCC_WARN_UNUSED_VARIABLE = YES;
				MACOSX_DEPLOYMENT_TARGET = 10.15;
				MTL_ENABLE_DEBUG_INFO = INCLUDE_SOURCE;
				MTL_FAST_MATH = YES;
				ONLY_ACTIVE_ARCH = YES;
				SDKROOT = macosx;
				SWIFT_ACTIVE_COMPILATION_CONDITIONS = DEBUG;
				SWIFT_OPTIMIZATION_LEVEL = "-Onone";
			};
			name = Debug;
		};
		78392874238EA2FA00A94B3B /* Release */ = {
			isa = XCBuildConfiguration;
			buildSettings = {
				ALWAYS_SEARCH_USER_PATHS = NO;
				CLANG_ANALYZER_NONNULL = YES;
				CLANG_ANALYZER_NUMBER_OBJECT_CONVERSION = YES_AGGRESSIVE;
				CLANG_CXX_LANGUAGE_STANDARD = "gnu++14";
				CLANG_CXX_LIBRARY = "libc++";
				CLANG_ENABLE_MODULES = YES;
				CLANG_ENABLE_OBJC_ARC = YES;
				CLANG_ENABLE_OBJC_WEAK = YES;
				CLANG_WARN_BLOCK_CAPTURE_AUTORELEASING = YES;
				CLANG_WARN_BOOL_CONVERSION = YES;
				CLANG_WARN_COMMA = YES;
				CLANG_WARN_CONSTANT_CONVERSION = YES;
				CLANG_WARN_DEPRECATED_OBJC_IMPLEMENTATIONS = YES;
				CLANG_WARN_DIRECT_OBJC_ISA_USAGE = YES_ERROR;
				CLANG_WARN_DOCUMENTATION_COMMENTS = YES;
				CLANG_WARN_EMPTY_BODY = YES;
				CLANG_WARN_ENUM_CONVERSION = YES;
				CLANG_WARN_INFINITE_RECURSION = YES;
				CLANG_WARN_INT_CONVERSION = YES;
				CLANG_WARN_NON_LITERAL_NULL_CONVERSION = YES;
				CLANG_WARN_OBJC_IMPLICIT_RETAIN_SELF = YES;
				CLANG_WARN_OBJC_LITERAL_CONVERSION = YES;
				CLANG_WARN_OBJC_ROOT_CLASS = YES_ERROR;
				CLANG_WARN_RANGE_LOOP_ANALYSIS = YES;
				CLANG_WARN_STRICT_PROTOTYPES = YES;
				CLANG_WARN_SUSPICIOUS_MOVE = YES;
				CLANG_WARN_UNGUARDED_AVAILABILITY = YES_AGGRESSIVE;
				CLANG_WARN_UNREACHABLE_CODE = YES;
				CLANG_WARN__DUPLICATE_METHOD_MATCH = YES;
				COPY_PHASE_STRIP = NO;
				DEBUG_INFORMATION_FORMAT = "dwarf-with-dsym";
				ENABLE_NS_ASSERTIONS = NO;
				ENABLE_STRICT_OBJC_MSGSEND = YES;
				GCC_C_LANGUAGE_STANDARD = gnu11;
				GCC_NO_COMMON_BLOCKS = YES;
				GCC_WARN_64_TO_32_BIT_CONVERSION = YES;
				GCC_WARN_ABOUT_RETURN_TYPE = YES_ERROR;
				GCC_WARN_UNDECLARED_SELECTOR = YES;
				GCC_WARN_UNINITIALIZED_AUTOS = YES_AGGRESSIVE;
				GCC_WARN_UNUSED_FUNCTION = YES;
				GCC_WARN_UNUSED_VARIABLE = YES;
				MACOSX_DEPLOYMENT_TARGET = 10.15;
				MTL_ENABLE_DEBUG_INFO = NO;
				MTL_FAST_MATH = YES;
				SDKROOT = macosx;
				SWIFT_COMPILATION_MODE = wholemodule;
				SWIFT_OPTIMIZATION_LEVEL = "-O";
			};
			name = Release;
		};
		78392882238EA32100A94B3B /* Debug */ = {
			isa = XCBuildConfiguration;
			baseConfigurationReference = 366CCB692ECEA4EAF235E209 /* Pods-Tests.debug.xcconfig */;
			buildSettings = {
				CODE_SIGN_STYLE = Automatic;
				COMBINE_HIDPI_IMAGES = YES;
				INFOPLIST_FILE = Tests/Info.plist;
				LD_RUNPATH_SEARCH_PATHS = (
					"$(inherited)",
					"@executable_path/../Frameworks",
					"@loader_path/../Frameworks",
				);
				PRODUCT_BUNDLE_IDENTIFIER = none.Tests;
				PRODUCT_NAME = "$(TARGET_NAME)";
				SWIFT_VERSION = 5.0;
			};
			name = Debug;
		};
		78392883238EA32100A94B3B /* Release */ = {
			isa = XCBuildConfiguration;
			baseConfigurationReference = 024368E783181574D3EA6E33 /* Pods-Tests.release.xcconfig */;
			buildSettings = {
				CODE_SIGN_STYLE = Automatic;
				COMBINE_HIDPI_IMAGES = YES;
				INFOPLIST_FILE = Tests/Info.plist;
				LD_RUNPATH_SEARCH_PATHS = (
					"$(inherited)",
					"@executable_path/../Frameworks",
					"@loader_path/../Frameworks",
				);
				PRODUCT_BUNDLE_IDENTIFIER = none.Tests;
				PRODUCT_NAME = "$(TARGET_NAME)";
				SWIFT_VERSION = 5.0;
			};
			name = Release;
		};
/* End XCBuildConfiguration section */

/* Begin XCConfigurationList section */
		418543DF23937FF500FBE72C /* Build configuration list for PBXNativeTarget "Sandbox" */ = {
			isa = XCConfigurationList;
			buildConfigurations = (
				418543E023937FF500FBE72C /* Debug */,
				418543E123937FF500FBE72C /* Release */,
			);
			defaultConfigurationIsVisible = 0;
			defaultConfigurationName = Release;
		};
		78392869238EA2FA00A94B3B /* Build configuration list for PBXProject "Swift" */ = {
			isa = XCConfigurationList;
			buildConfigurations = (
				78392873238EA2FA00A94B3B /* Debug */,
				78392874238EA2FA00A94B3B /* Release */,
			);
			defaultConfigurationIsVisible = 0;
			defaultConfigurationName = Release;
		};
		78392881238EA32100A94B3B /* Build configuration list for PBXNativeTarget "Tests" */ = {
			isa = XCConfigurationList;
			buildConfigurations = (
				78392882238EA32100A94B3B /* Debug */,
				78392883238EA32100A94B3B /* Release */,
			);
			defaultConfigurationIsVisible = 0;
			defaultConfigurationName = Release;
		};
/* End XCConfigurationList section */
	};
	rootObject = 78392866238EA2FA00A94B3B /* Project object */;
}
